
Microsoft Visual Studio Solution File, Format Version 12.00
# Visual Studio Version 17
VisualStudioVersion = 17.10.35027.167
MinimumVisualStudioVersion = 10.0.40219.1
Project("{FAE04EC0-301F-11D3-BF4B-00C04F79EFBC}") = "QuanLyBanHang", "QuanLyBanHang\QuanLyBanHang.csproj", "{5EB99755-82EB-4EFA-B9E0-92AF70694206}"
EndProject
Global
	GlobalSection(SolutionConfigurationPlatforms) = preSolution
		Debug|Any CPU = Debug|Any CPU
		Release|Any CPU = Release|Any CPU
	EndGlobalSection
	GlobalSection(ProjectConfigurationPlatforms) = postSolution
		{5EB99755-82EB-4EFA-B9E0-92AF70694206}.Debug|Any CPU.ActiveCfg = Debug|Any CPU
		{5EB99755-82EB-4EFA-B9E0-92AF70694206}.Debug|Any CPU.Build.0 = Debug|Any CPU
		{5EB99755-82EB-4EFA-B9E0-92AF70694206}.Release|Any CPU.ActiveCfg = Release|Any CPU
		{5EB99755-82EB-4EFA-B9E0-92AF70694206}.Release|Any CPU.Build.0 = Release|Any CPU
	EndGlobalSection
	GlobalSection(SolutionProperties) = preSolution
		HideSolutionNode = FALSE
	EndGlobalSection
	GlobalSection(ExtensibilityGlobals) = postSolution
		SolutionGuid = {57A35498-9948-4AA9-B750-A7EF1503A552}
	EndGlobalSection
EndGlobal
